
Microsoft Visual Studio Solution File, Format Version 12.00
# Visual Studio Version 17
VisualStudioVersion = 17.10.35027.167
MinimumVisualStudioVersion = 10.0.40219.1
Project("{FAE04EC0-301F-11D3-BF4B-00C04F79EFBC}") = "CourseProject", "CourseProject\CourseProject.csproj", "{AB0DA862-F70E-4073-866B-1B1C2704A6FE}"
EndProject
Project("{2150E333-8FDC-42A3-9474-1A3956D46DE8}") = "Practice", "Practice", "{3F29FB87-980A-4DC8-8E34-15987CEB9C8C}"
EndProject
Project("{2150E333-8FDC-42A3-9474-1A3956D46DE8}") = "Lesson1", "Lesson1", "{F75ACAC0-B830-436B-8D7D-D6F276CAF1E9}"
EndProject
Project("{FAE04EC0-301F-11D3-BF4B-00C04F79EFBC}") = "SqlConnectionLesson", "SqlConnectionLesson\SqlConnectionLesson.csproj", "{6BB220E5-197C-4747-BF27-F7CF4CF33B56}"
EndProject
Global
	GlobalSection(SolutionConfigurationPlatforms) = preSolution
		Debug|Any CPU = Debug|Any CPU
		Release|Any CPU = Release|Any CPU
	EndGlobalSection
	GlobalSection(ProjectConfigurationPlatforms) = postSolution
		{AB0DA862-F70E-4073-866B-1B1C2704A6FE}.Debug|Any CPU.ActiveCfg = Debug|Any CPU
		{AB0DA862-F70E-4073-866B-1B1C2704A6FE}.Debug|Any CPU.Build.0 = Debug|Any CPU
		{AB0DA862-F70E-4073-866B-1B1C2704A6FE}.Release|Any CPU.ActiveCfg = Release|Any CPU
		{AB0DA862-F70E-4073-866B-1B1C2704A6FE}.Release|Any CPU.Build.0 = Release|Any CPU
		{6BB220E5-197C-4747-BF27-F7CF4CF33B56}.Debug|Any CPU.ActiveCfg = Debug|Any CPU
		{6BB220E5-197C-4747-BF27-F7CF4CF33B56}.Debug|Any CPU.Build.0 = Debug|Any CPU
		{6BB220E5-197C-4747-BF27-F7CF4CF33B56}.Release|Any CPU.ActiveCfg = Release|Any CPU
		{6BB220E5-197C-4747-BF27-F7CF4CF33B56}.Release|Any CPU.Build.0 = Release|Any CPU
	EndGlobalSection
	GlobalSection(SolutionProperties) = preSolution
		HideSolutionNode = FALSE
	EndGlobalSection
	GlobalSection(NestedProjects) = preSolution
		{AB0DA862-F70E-4073-866B-1B1C2704A6FE} = {3F29FB87-980A-4DC8-8E34-15987CEB9C8C}
		{6BB220E5-197C-4747-BF27-F7CF4CF33B56} = {F75ACAC0-B830-436B-8D7D-D6F276CAF1E9}
	EndGlobalSection
	GlobalSection(ExtensibilityGlobals) = postSolution
		SolutionGuid = {FF3439B5-2E09-4BEA-AC44-38E8F2A3B621}
	EndGlobalSection
EndGlobal
