
Microsoft Visual Studio Solution File, Format Version 12.00
# Visual Studio Version 17
VisualStudioVersion = 17.9.34622.214
MinimumVisualStudioVersion = 10.0.40219.1
Project("{FAE04EC0-301F-11D3-BF4B-00C04F79EFBC}") = "Types", "Types\Types.csproj", "{CB289201-0141-471A-8C15-5933B7988A1D}"
EndProject
Project("{FAE04EC0-301F-11D3-BF4B-00C04F79EFBC}") = "Test", "Test\Test.csproj", "{B3BB65ED-A77B-441C-ABE8-99B23AE3EC95}"
EndProject
Global
	GlobalSection(SolutionConfigurationPlatforms) = preSolution
		Debug|Any CPU = Debug|Any CPU
		Release|Any CPU = Release|Any CPU
	EndGlobalSection
	GlobalSection(ProjectConfigurationPlatforms) = postSolution
		{CB289201-0141-471A-8C15-5933B7988A1D}.Debug|Any CPU.ActiveCfg = Debug|Any CPU
		{CB289201-0141-471A-8C15-5933B7988A1D}.Debug|Any CPU.Build.0 = Debug|Any CPU
		{CB289201-0141-471A-8C15-5933B7988A1D}.Release|Any CPU.ActiveCfg = Release|Any CPU
		{CB289201-0141-471A-8C15-5933B7988A1D}.Release|Any CPU.Build.0 = Release|Any CPU
		{B3BB65ED-A77B-441C-ABE8-99B23AE3EC95}.Debug|Any CPU.ActiveCfg = Debug|Any CPU
		{B3BB65ED-A77B-441C-ABE8-99B23AE3EC95}.Debug|Any CPU.Build.0 = Debug|Any CPU
		{B3BB65ED-A77B-441C-ABE8-99B23AE3EC95}.Release|Any CPU.ActiveCfg = Release|Any CPU
		{B3BB65ED-A77B-441C-ABE8-99B23AE3EC95}.Release|Any CPU.Build.0 = Release|Any CPU
	EndGlobalSection
	GlobalSection(SolutionProperties) = preSolution
		HideSolutionNode = FALSE
	EndGlobalSection
	GlobalSection(ExtensibilityGlobals) = postSolution
		SolutionGuid = {D2A8A156-4D63-4A88-8213-6AB437A92046}
	EndGlobalSection
EndGlobal
