
Microsoft Visual Studio Solution File, Format Version 12.00
# Visual Studio Version 17
VisualStudioVersion = 17.10.35004.147
MinimumVisualStudioVersion = 10.0.40219.1
Project("{FAE04EC0-301F-11D3-BF4B-00C04F79EFBC}") = "Task1", "Task1\Task1.csproj", "{A3EDEAFF-86A4-4A47-9B22-2D3F9B657D6E}"
EndProject
Global
	GlobalSection(SolutionConfigurationPlatforms) = preSolution
		Debug|Any CPU = Debug|Any CPU
		Release|Any CPU = Release|Any CPU
	EndGlobalSection
	GlobalSection(ProjectConfigurationPlatforms) = postSolution
		{A3EDEAFF-86A4-4A47-9B22-2D3F9B657D6E}.Debug|Any CPU.ActiveCfg = Debug|Any CPU
		{A3EDEAFF-86A4-4A47-9B22-2D3F9B657D6E}.Debug|Any CPU.Build.0 = Debug|Any CPU
		{A3EDEAFF-86A4-4A47-9B22-2D3F9B657D6E}.Release|Any CPU.ActiveCfg = Release|Any CPU
		{A3EDEAFF-86A4-4A47-9B22-2D3F9B657D6E}.Release|Any CPU.Build.0 = Release|Any CPU
	EndGlobalSection
	GlobalSection(SolutionProperties) = preSolution
		HideSolutionNode = FALSE
	EndGlobalSection
	GlobalSection(ExtensibilityGlobals) = postSolution
		SolutionGuid = {588122F7-F558-466D-BEC6-D5363428C3EB}
	EndGlobalSection
EndGlobal
